
Microsoft Visual Studio Solution File, Format Version 12.00
# Visual Studio Version 16
VisualStudioVersion = 25.0.1704.5
MinimumVisualStudioVersion = 10.0.40219.1
Project("{FAE04EC0-301F-11D3-BF4B-00C04F79EFBC}") = "BlazorApp", "BlazorApp\BlazorApp.csproj", "{20523B52-67EC-4CC5-9E68-27FC74EAF4F1}"
EndProject
Global
	GlobalSection(SolutionConfigurationPlatforms) = preSolution
		Debug|Any CPU = Debug|Any CPU
		Release|Any CPU = Release|Any CPU
	EndGlobalSection
	GlobalSection(ProjectConfigurationPlatforms) = postSolution
		{20523B52-67EC-4CC5-9E68-27FC74EAF4F1}.Debug|Any CPU.ActiveCfg = Debug|Any CPU
		{20523B52-67EC-4CC5-9E68-27FC74EAF4F1}.Debug|Any CPU.Build.0 = Debug|Any CPU
		{20523B52-67EC-4CC5-9E68-27FC74EAF4F1}.Release|Any CPU.ActiveCfg = Release|Any CPU
		{20523B52-67EC-4CC5-9E68-27FC74EAF4F1}.Release|Any CPU.Build.0 = Release|Any CPU
	EndGlobalSection
	GlobalSection(SolutionProperties) = preSolution
		HideSolutionNode = FALSE
	EndGlobalSection
	GlobalSection(ExtensibilityGlobals) = postSolution
		SolutionGuid = {B6D21A57-E58F-407E-A95A-AC02B805A853}
	EndGlobalSection
EndGlobal
